# This file is automatically @generated by Cargo.
# It is not intended for manual editing.
version = 4

[[package]]
name = "chucksum"
version = "0.1.0"
dependencies = [
 "numfmt",
]

[[package]]
name = "dtoa"
version = "1.0.11"
source = "registry+https://github.com/rust-lang/crates.io-index"
checksum = "4c3cf4824e2d5f025c7b531afcb2325364084a16806f6d47fbc1f5fbd9960590"

[[package]]
name = "itoa"
version = "1.0.17"
source = "registry+https://github.com/rust-lang/crates.io-index"
checksum = "92ecc6618181def0457392ccd0ee51198e065e016d1d527a7ac1b6dc7c1f09d2"

[[package]]
name = "numfmt"
version = "1.2.0"
source = "registry+https://github.com/rust-lang/crates.io-index"
checksum = "8ea1a14c0c3b00c5b3f3ab9625c35601c5cac06a94bb6b17c27327a8f1d520c6"
dependencies = [
 "dtoa",
 "itoa",
]
